
Microsoft Visual Studio Solution File, Format Version 12.00
# Visual Studio 15
VisualStudioVersion = 15.0.28307.271
MinimumVisualStudioVersion = 10.0.40219.1
Project("{00D1A9C2-B5F0-4AF3-8072-F6C62B433612}") = "Database1", "Database1\Database1.sqlproj", "{1622201D-96E3-463D-BA84-EA64F90492C8}"
EndProject
Project("{2150E333-8FDC-42A3-9474-1A3956D46DE8}") = "Files", "Files", "{C607C67A-CD91-4947-9C33-4D7D38B0BEC2}"
	ProjectSection(SolutionItems) = preProject
		Database1\NASDAQ2.json = Database1\NASDAQ2.json
		Database1\NYSE.json = Database1\NYSE.json
		..\..\Downloads\TwitterData.json = ..\..\Downloads\TwitterData.json
	EndProjectSection
EndProject
Global
	GlobalSection(SolutionConfigurationPlatforms) = preSolution
		Debug|Any CPU = Debug|Any CPU
		Release|Any CPU = Release|Any CPU
	EndGlobalSection
	GlobalSection(ProjectConfigurationPlatforms) = postSolution
		{1622201D-96E3-463D-BA84-EA64F90492C8}.Debug|Any CPU.ActiveCfg = Debug|Any CPU
		{1622201D-96E3-463D-BA84-EA64F90492C8}.Debug|Any CPU.Build.0 = Debug|Any CPU
		{1622201D-96E3-463D-BA84-EA64F90492C8}.Debug|Any CPU.Deploy.0 = Debug|Any CPU
		{1622201D-96E3-463D-BA84-EA64F90492C8}.Release|Any CPU.ActiveCfg = Release|Any CPU
		{1622201D-96E3-463D-BA84-EA64F90492C8}.Release|Any CPU.Build.0 = Release|Any CPU
		{1622201D-96E3-463D-BA84-EA64F90492C8}.Release|Any CPU.Deploy.0 = Release|Any CPU
	EndGlobalSection
	GlobalSection(SolutionProperties) = preSolution
		HideSolutionNode = FALSE
	EndGlobalSection
	GlobalSection(ExtensibilityGlobals) = postSolution
		SolutionGuid = {FC632776-0E9C-4D68-A497-3371D16231FA}
	EndGlobalSection
EndGlobal
